uuid: 0a3cf323-6e23-4437-a27d-937936267b7c
langcode: en
status: true
dependencies:
  module:
    - d324_copyright_block
  theme:
    - neal_grace
id: d324developercopyrightblock
theme: neal_grace
region: footer
weight: 0
provider: null
plugin: d324_developer_copyright_block
settings:
  id: d324_developer_copyright_block
  label: 'D324 Developer Copyright block'
  provider: d324_copyright_block
  label_display: ''
  d324_copyright_block_developer_name: T324
  d324_copyright_block_developer_url: 'https://www.t324.com'
visibility: {  }
